
Microsoft Visual Studio Solution File, Format Version 12.00
# Visual Studio 2013
VisualStudioVersion = 12.0.21005.1
MinimumVisualStudioVersion = 10.0.40219.1
Project("{FAE04EC0-301F-11D3-BF4B-00C04F79EFBC}") = "IShare.Web", "IShare.Web\IShare.Web.csproj", "{96BCDCFD-6040-44A1-A740-CEF030285DD2}"
	ProjectSection(ProjectDependencies) = postProject
		{FFB5BA1E-D5EE-4333-B808-877C41D0883B} = {FFB5BA1E-D5EE-4333-B808-877C41D0883B}
		{72A13365-6979-434B-AD45-A6665E327A4C} = {72A13365-6979-434B-AD45-A6665E327A4C}
		{B7C4A18F-D81F-48AF-A8EF-8C3B5FB4A091} = {B7C4A18F-D81F-48AF-A8EF-8C3B5FB4A091}
		{A8BE10CA-29A7-41DA-AF71-043AA2F3F29D} = {A8BE10CA-29A7-41DA-AF71-043AA2F3F29D}
		{5CD15AF8-3745-423B-A2E6-FAE270272101} = {5CD15AF8-3745-423B-A2E6-FAE270272101}
	EndProjectSection
EndProject
Project("{FAE04EC0-301F-11D3-BF4B-00C04F79EFBC}") = "IShare.Web.Tests", "IShare.Web.Tests\IShare.Web.Tests.csproj", "{A024C5B1-AFAA-4447-99ED-7AD30E28CC32}"
	ProjectSection(ProjectDependencies) = postProject
		{FFB5BA1E-D5EE-4333-B808-877C41D0883B} = {FFB5BA1E-D5EE-4333-B808-877C41D0883B}
		{72A13365-6979-434B-AD45-A6665E327A4C} = {72A13365-6979-434B-AD45-A6665E327A4C}
		{B7C4A18F-D81F-48AF-A8EF-8C3B5FB4A091} = {B7C4A18F-D81F-48AF-A8EF-8C3B5FB4A091}
		{A8BE10CA-29A7-41DA-AF71-043AA2F3F29D} = {A8BE10CA-29A7-41DA-AF71-043AA2F3F29D}
		{5CD15AF8-3745-423B-A2E6-FAE270272101} = {5CD15AF8-3745-423B-A2E6-FAE270272101}
	EndProjectSection
EndProject
Project("{FAE04EC0-301F-11D3-BF4B-00C04F79EFBC}") = "IShare.Controllers", "IShare.Controllers\IShare.Controllers.csproj", "{A8BE10CA-29A7-41DA-AF71-043AA2F3F29D}"
	ProjectSection(ProjectDependencies) = postProject
		{FFB5BA1E-D5EE-4333-B808-877C41D0883B} = {FFB5BA1E-D5EE-4333-B808-877C41D0883B}
		{72A13365-6979-434B-AD45-A6665E327A4C} = {72A13365-6979-434B-AD45-A6665E327A4C}
		{B7C4A18F-D81F-48AF-A8EF-8C3B5FB4A091} = {B7C4A18F-D81F-48AF-A8EF-8C3B5FB4A091}
		{5CD15AF8-3745-423B-A2E6-FAE270272101} = {5CD15AF8-3745-423B-A2E6-FAE270272101}
	EndProjectSection
EndProject
Project("{FAE04EC0-301F-11D3-BF4B-00C04F79EFBC}") = "IShare.Models", "IShare.Models\IShare.Models.csproj", "{FFB5BA1E-D5EE-4333-B808-877C41D0883B}"
EndProject
Project("{FAE04EC0-301F-11D3-BF4B-00C04F79EFBC}") = "IShare.Entities", "IShare.Entities\IShare.Entities.csproj", "{5CD15AF8-3745-423B-A2E6-FAE270272101}"
EndProject
Project("{FAE04EC0-301F-11D3-BF4B-00C04F79EFBC}") = "IShare.Service", "IShare.Service\IShare.Service.csproj", "{72A13365-6979-434B-AD45-A6665E327A4C}"
	ProjectSection(ProjectDependencies) = postProject
		{FFB5BA1E-D5EE-4333-B808-877C41D0883B} = {FFB5BA1E-D5EE-4333-B808-877C41D0883B}
		{B7C4A18F-D81F-48AF-A8EF-8C3B5FB4A091} = {B7C4A18F-D81F-48AF-A8EF-8C3B5FB4A091}
		{5CD15AF8-3745-423B-A2E6-FAE270272101} = {5CD15AF8-3745-423B-A2E6-FAE270272101}
	EndProjectSection
EndProject
Project("{FAE04EC0-301F-11D3-BF4B-00C04F79EFBC}") = "IShare.Utility", "IShare.Utility\IShare.Utility.csproj", "{B7C4A18F-D81F-48AF-A8EF-8C3B5FB4A091}"
	ProjectSection(ProjectDependencies) = postProject
		{FFB5BA1E-D5EE-4333-B808-877C41D0883B} = {FFB5BA1E-D5EE-4333-B808-877C41D0883B}
		{5CD15AF8-3745-423B-A2E6-FAE270272101} = {5CD15AF8-3745-423B-A2E6-FAE270272101}
	EndProjectSection
EndProject
Global
	GlobalSection(SolutionConfigurationPlatforms) = preSolution
		Debug|Any CPU = Debug|Any CPU
		Release|Any CPU = Release|Any CPU
	EndGlobalSection
	GlobalSection(ProjectConfigurationPlatforms) = postSolution
		{96BCDCFD-6040-44A1-A740-CEF030285DD2}.Debug|Any CPU.ActiveCfg = Debug|Any CPU
		{96BCDCFD-6040-44A1-A740-CEF030285DD2}.Debug|Any CPU.Build.0 = Debug|Any CPU
		{96BCDCFD-6040-44A1-A740-CEF030285DD2}.Release|Any CPU.ActiveCfg = Release|Any CPU
		{96BCDCFD-6040-44A1-A740-CEF030285DD2}.Release|Any CPU.Build.0 = Release|Any CPU
		{A024C5B1-AFAA-4447-99ED-7AD30E28CC32}.Debug|Any CPU.ActiveCfg = Debug|Any CPU
		{A024C5B1-AFAA-4447-99ED-7AD30E28CC32}.Debug|Any CPU.Build.0 = Debug|Any CPU
		{A024C5B1-AFAA-4447-99ED-7AD30E28CC32}.Release|Any CPU.ActiveCfg = Release|Any CPU
		{A024C5B1-AFAA-4447-99ED-7AD30E28CC32}.Release|Any CPU.Build.0 = Release|Any CPU
		{A8BE10CA-29A7-41DA-AF71-043AA2F3F29D}.Debug|Any CPU.ActiveCfg = Debug|Any CPU
		{A8BE10CA-29A7-41DA-AF71-043AA2F3F29D}.Debug|Any CPU.Build.0 = Debug|Any CPU
		{A8BE10CA-29A7-41DA-AF71-043AA2F3F29D}.Release|Any CPU.ActiveCfg = Release|Any CPU
		{A8BE10CA-29A7-41DA-AF71-043AA2F3F29D}.Release|Any CPU.Build.0 = Release|Any CPU
		{FFB5BA1E-D5EE-4333-B808-877C41D0883B}.Debug|Any CPU.ActiveCfg = Debug|Any CPU
		{FFB5BA1E-D5EE-4333-B808-877C41D0883B}.Debug|Any CPU.Build.0 = Debug|Any CPU
		{FFB5BA1E-D5EE-4333-B808-877C41D0883B}.Release|Any CPU.ActiveCfg = Release|Any CPU
		{FFB5BA1E-D5EE-4333-B808-877C41D0883B}.Release|Any CPU.Build.0 = Release|Any CPU
		{5CD15AF8-3745-423B-A2E6-FAE270272101}.Debug|Any CPU.ActiveCfg = Debug|Any CPU
		{5CD15AF8-3745-423B-A2E6-FAE270272101}.Debug|Any CPU.Build.0 = Debug|Any CPU
		{5CD15AF8-3745-423B-A2E6-FAE270272101}.Release|Any CPU.ActiveCfg = Release|Any CPU
		{5CD15AF8-3745-423B-A2E6-FAE270272101}.Release|Any CPU.Build.0 = Release|Any CPU
		{72A13365-6979-434B-AD45-A6665E327A4C}.Debug|Any CPU.ActiveCfg = Debug|Any CPU
		{72A13365-6979-434B-AD45-A6665E327A4C}.Debug|Any CPU.Build.0 = Debug|Any CPU
		{72A13365-6979-434B-AD45-A6665E327A4C}.Release|Any CPU.ActiveCfg = Release|Any CPU
		{72A13365-6979-434B-AD45-A6665E327A4C}.Release|Any CPU.Build.0 = Release|Any CPU
		{B7C4A18F-D81F-48AF-A8EF-8C3B5FB4A091}.Debug|Any CPU.ActiveCfg = Debug|Any CPU
		{B7C4A18F-D81F-48AF-A8EF-8C3B5FB4A091}.Debug|Any CPU.Build.0 = Debug|Any CPU
		{B7C4A18F-D81F-48AF-A8EF-8C3B5FB4A091}.Release|Any CPU.ActiveCfg = Release|Any CPU
		{B7C4A18F-D81F-48AF-A8EF-8C3B5FB4A091}.Release|Any CPU.Build.0 = Release|Any CPU
	EndGlobalSection
	GlobalSection(SolutionProperties) = preSolution
		HideSolutionNode = FALSE
	EndGlobalSection
EndGlobal
